github.com/gbrlsnchs/cpool v0.0.0-20181001044654-d8ba331ade98 h1:VWfUkCQY9ppxvX5k7/PMptvU2/9bdefgh39dml32+pU=
github.com/gbrlsnchs/cpool v0.0.0-20181001044654-d8ba331ade98/go.mod h1:Agr4PmlDK3j41rL1aHJ6ZUdhjG3kzF1KPbQswjIhxAc=
github.com/gbrlsnchs/cpool v0.0.0-20181001045255-ee90db49691d h1:6CSYUZrKaBzrYK7XsU6JkkE5yFAF+unLc/9Ku0FZ9fI=
github.com/gbrlsnchs/cpool v0.0.0-20181001045255-ee90db49691d/go.mod h1:Agr4PmlDK3j41rL1aHJ6ZUdhjG3kzF1KPbQswjIhxAc=
